
Microsoft Visual Studio Solution File, Format Version 12.00
# Visual Studio 15
VisualStudioVersion = 15.0.28307.1433
MinimumVisualStudioVersion = 10.0.40219.1
Project("{FAE04EC0-301F-11D3-BF4B-00C04F79EFBC}") = "insertGuaXingtoPowerpnt", "insertGuaXingtoPowerpnt\insertGuaXingtoPowerpnt.csproj", "{0EE35FBE-81E5-44D2-9139-B1398806400C}"
EndProject
Global
	GlobalSection(SolutionConfigurationPlatforms) = preSolution
		Debug|Any CPU = Debug|Any CPU
		Release|Any CPU = Release|Any CPU
	EndGlobalSection
	GlobalSection(ProjectConfigurationPlatforms) = postSolution
		{0EE35FBE-81E5-44D2-9139-B1398806400C}.Debug|Any CPU.ActiveCfg = Debug|Any CPU
		{0EE35FBE-81E5-44D2-9139-B1398806400C}.Debug|Any CPU.Build.0 = Debug|Any CPU
		{0EE35FBE-81E5-44D2-9139-B1398806400C}.Release|Any CPU.ActiveCfg = Release|Any CPU
		{0EE35FBE-81E5-44D2-9139-B1398806400C}.Release|Any CPU.Build.0 = Release|Any CPU
	EndGlobalSection
	GlobalSection(SolutionProperties) = preSolution
		HideSolutionNode = FALSE
	EndGlobalSection
	GlobalSection(ExtensibilityGlobals) = postSolution
		SolutionGuid = {1876A8FE-F7B7-49B4-9A64-B06185D3D711}
	EndGlobalSection
EndGlobal
